
Microsoft Visual Studio Solution File, Format Version 12.00
# Visual Studio Version 17
VisualStudioVersion = 17.5.33516.290
MinimumVisualStudioVersion = 10.0.40219.1
Project("{FAE04EC0-301F-11D3-BF4B-00C04F79EFBC}") = "TPFinal-Equipo18", "TPFinal-Equipo18\TPFinal-Equipo18.csproj", "{8B6079C5-0A9E-4D91-8DD6-35D906071369}"
EndProject
Project("{FAE04EC0-301F-11D3-BF4B-00C04F79EFBC}") = "Negocio", "Negocio\Negocio.csproj", "{BB9153F9-DA07-476C-932D-E7A23EC3EB7C}"
EndProject
Project("{FAE04EC0-301F-11D3-BF4B-00C04F79EFBC}") = "Dominio", "Dominio\Dominio.csproj", "{DCCDA5EC-D6C2-426B-B23E-DF21885C093D}"
EndProject
Global
	GlobalSection(SolutionConfigurationPlatforms) = preSolution
		Debug|Any CPU = Debug|Any CPU
		Release|Any CPU = Release|Any CPU
	EndGlobalSection
	GlobalSection(ProjectConfigurationPlatforms) = postSolution
		{8B6079C5-0A9E-4D91-8DD6-35D906071369}.Debug|Any CPU.ActiveCfg = Debug|Any CPU
		{8B6079C5-0A9E-4D91-8DD6-35D906071369}.Debug|Any CPU.Build.0 = Debug|Any CPU
		{8B6079C5-0A9E-4D91-8DD6-35D906071369}.Release|Any CPU.ActiveCfg = Release|Any CPU
		{8B6079C5-0A9E-4D91-8DD6-35D906071369}.Release|Any CPU.Build.0 = Release|Any CPU
		{BB9153F9-DA07-476C-932D-E7A23EC3EB7C}.Debug|Any CPU.ActiveCfg = Debug|Any CPU
		{BB9153F9-DA07-476C-932D-E7A23EC3EB7C}.Debug|Any CPU.Build.0 = Debug|Any CPU
		{BB9153F9-DA07-476C-932D-E7A23EC3EB7C}.Release|Any CPU.ActiveCfg = Release|Any CPU
		{BB9153F9-DA07-476C-932D-E7A23EC3EB7C}.Release|Any CPU.Build.0 = Release|Any CPU
		{DCCDA5EC-D6C2-426B-B23E-DF21885C093D}.Debug|Any CPU.ActiveCfg = Debug|Any CPU
		{DCCDA5EC-D6C2-426B-B23E-DF21885C093D}.Debug|Any CPU.Build.0 = Debug|Any CPU
		{DCCDA5EC-D6C2-426B-B23E-DF21885C093D}.Release|Any CPU.ActiveCfg = Release|Any CPU
		{DCCDA5EC-D6C2-426B-B23E-DF21885C093D}.Release|Any CPU.Build.0 = Release|Any CPU
	EndGlobalSection
	GlobalSection(SolutionProperties) = preSolution
		HideSolutionNode = FALSE
	EndGlobalSection
	GlobalSection(ExtensibilityGlobals) = postSolution
		SolutionGuid = {A2BD3DFA-BDEF-4CEC-8DCF-9CA161DDE988}
	EndGlobalSection
EndGlobal
